
Microsoft Visual Studio Solution File, Format Version 12.00
# Visual Studio 15
Project("{FAE04EC0-301F-11D3-BF4B-00C04F79EFBC}") = "Assembly-CSharp", "Assembly-CSharp.csproj", "{FD8D3F6E-F590-A904-70E8-0B9EBE56BBB8}"
EndProject
Project("{FAE04EC0-301F-11D3-BF4B-00C04F79EFBC}") = "Assembly-CSharp-Editor", "Assembly-CSharp-Editor.csproj", "{EC20F2F0-1690-52BF-5E6A-53CF5FCB715B}"
EndProject
Global
	GlobalSection(SolutionConfigurationPlatforms) = preSolution
		Debug|Any CPU = Debug|Any CPU
		Release|Any CPU = Release|Any CPU
	EndGlobalSection
	GlobalSection(ProjectConfigurationPlatforms) = postSolution
		{FD8D3F6E-F590-A904-70E8-0B9EBE56BBB8}.Debug|Any CPU.ActiveCfg = Debug|Any CPU
		{FD8D3F6E-F590-A904-70E8-0B9EBE56BBB8}.Debug|Any CPU.Build.0 = Debug|Any CPU
		{FD8D3F6E-F590-A904-70E8-0B9EBE56BBB8}.Release|Any CPU.ActiveCfg = Release|Any CPU
		{FD8D3F6E-F590-A904-70E8-0B9EBE56BBB8}.Release|Any CPU.Build.0 = Release|Any CPU
		{EC20F2F0-1690-52BF-5E6A-53CF5FCB715B}.Debug|Any CPU.ActiveCfg = Debug|Any CPU
		{EC20F2F0-1690-52BF-5E6A-53CF5FCB715B}.Debug|Any CPU.Build.0 = Debug|Any CPU
		{EC20F2F0-1690-52BF-5E6A-53CF5FCB715B}.Release|Any CPU.ActiveCfg = Release|Any CPU
		{EC20F2F0-1690-52BF-5E6A-53CF5FCB715B}.Release|Any CPU.Build.0 = Release|Any CPU
	EndGlobalSection
	GlobalSection(SolutionProperties) = preSolution
		HideSolutionNode = FALSE
	EndGlobalSection
EndGlobal
